
Microsoft Visual Studio Solution File, Format Version 12.00
# Visual Studio Version 17
VisualStudioVersion = 17.0.31903.59
MinimumVisualStudioVersion = 10.0.40219.1
Project("{FAE04EC0-301F-11D3-BF4B-00C04F79EFBC}") = "PacktLibrary", "PacktLibrary\PacktLibrary.csproj", "{67EE3767-3DB3-4068-A9B4-BA0D6478C91B}"
EndProject
Project("{FAE04EC0-301F-11D3-BF4B-00C04F79EFBC}") = "PeopleApp", "PeopleApp\PeopleApp.csproj", "{37E77D5B-1818-4621-A6C0-CC8A8199FDDA}"
EndProject
Global
	GlobalSection(SolutionConfigurationPlatforms) = preSolution
		Debug|Any CPU = Debug|Any CPU
		Debug|x64 = Debug|x64
		Debug|x86 = Debug|x86
		Release|Any CPU = Release|Any CPU
		Release|x64 = Release|x64
		Release|x86 = Release|x86
	EndGlobalSection
	GlobalSection(ProjectConfigurationPlatforms) = postSolution
		{67EE3767-3DB3-4068-A9B4-BA0D6478C91B}.Debug|Any CPU.ActiveCfg = Debug|Any CPU
		{67EE3767-3DB3-4068-A9B4-BA0D6478C91B}.Debug|Any CPU.Build.0 = Debug|Any CPU
		{67EE3767-3DB3-4068-A9B4-BA0D6478C91B}.Debug|x64.ActiveCfg = Debug|Any CPU
		{67EE3767-3DB3-4068-A9B4-BA0D6478C91B}.Debug|x64.Build.0 = Debug|Any CPU
		{67EE3767-3DB3-4068-A9B4-BA0D6478C91B}.Debug|x86.ActiveCfg = Debug|Any CPU
		{67EE3767-3DB3-4068-A9B4-BA0D6478C91B}.Debug|x86.Build.0 = Debug|Any CPU
		{67EE3767-3DB3-4068-A9B4-BA0D6478C91B}.Release|Any CPU.ActiveCfg = Release|Any CPU
		{67EE3767-3DB3-4068-A9B4-BA0D6478C91B}.Release|Any CPU.Build.0 = Release|Any CPU
		{67EE3767-3DB3-4068-A9B4-BA0D6478C91B}.Release|x64.ActiveCfg = Release|Any CPU
		{67EE3767-3DB3-4068-A9B4-BA0D6478C91B}.Release|x64.Build.0 = Release|Any CPU
		{67EE3767-3DB3-4068-A9B4-BA0D6478C91B}.Release|x86.ActiveCfg = Release|Any CPU
		{67EE3767-3DB3-4068-A9B4-BA0D6478C91B}.Release|x86.Build.0 = Release|Any CPU
		{37E77D5B-1818-4621-A6C0-CC8A8199FDDA}.Debug|Any CPU.ActiveCfg = Debug|Any CPU
		{37E77D5B-1818-4621-A6C0-CC8A8199FDDA}.Debug|Any CPU.Build.0 = Debug|Any CPU
		{37E77D5B-1818-4621-A6C0-CC8A8199FDDA}.Debug|x64.ActiveCfg = Debug|Any CPU
		{37E77D5B-1818-4621-A6C0-CC8A8199FDDA}.Debug|x64.Build.0 = Debug|Any CPU
		{37E77D5B-1818-4621-A6C0-CC8A8199FDDA}.Debug|x86.ActiveCfg = Debug|Any CPU
		{37E77D5B-1818-4621-A6C0-CC8A8199FDDA}.Debug|x86.Build.0 = Debug|Any CPU
		{37E77D5B-1818-4621-A6C0-CC8A8199FDDA}.Release|Any CPU.ActiveCfg = Release|Any CPU
		{37E77D5B-1818-4621-A6C0-CC8A8199FDDA}.Release|Any CPU.Build.0 = Release|Any CPU
		{37E77D5B-1818-4621-A6C0-CC8A8199FDDA}.Release|x64.ActiveCfg = Release|Any CPU
		{37E77D5B-1818-4621-A6C0-CC8A8199FDDA}.Release|x64.Build.0 = Release|Any CPU
		{37E77D5B-1818-4621-A6C0-CC8A8199FDDA}.Release|x86.ActiveCfg = Release|Any CPU
		{37E77D5B-1818-4621-A6C0-CC8A8199FDDA}.Release|x86.Build.0 = Release|Any CPU
	EndGlobalSection
	GlobalSection(SolutionProperties) = preSolution
		HideSolutionNode = FALSE
	EndGlobalSection
EndGlobal
