
Microsoft Visual Studio Solution File, Format Version 12.00
# Visual Studio Version 17
VisualStudioVersion = 17.0.31903.59
MinimumVisualStudioVersion = 10.0.40219.1
Project("{2150E333-8FDC-42A3-9474-1A3956D46DE8}") = "Chapter03", "Chapter03", "{77D47273-4708-F4DB-7D32-0B2807E793B0}"
EndProject
Project("{FAE04EC0-301F-11D3-BF4B-00C04F79EFBC}") = "HandlingExceptions", "Chapter03\HandlingExceptions\HandlingExceptions.csproj", "{11786B9B-47A4-4765-8D5E-62A96BD66A80}"
EndProject
Project("{FAE04EC0-301F-11D3-BF4B-00C04F79EFBC}") = "FizzBuzzGame", "FizzBuzzGame\FizzBuzzGame.csproj", "{D9844748-46FA-46A8-8079-08D46F912850}"
EndProject
Global
	GlobalSection(SolutionConfigurationPlatforms) = preSolution
		Debug|Any CPU = Debug|Any CPU
		Debug|x64 = Debug|x64
		Debug|x86 = Debug|x86
		Release|Any CPU = Release|Any CPU
		Release|x64 = Release|x64
		Release|x86 = Release|x86
	EndGlobalSection
	GlobalSection(ProjectConfigurationPlatforms) = postSolution
		{11786B9B-47A4-4765-8D5E-62A96BD66A80}.Debug|Any CPU.ActiveCfg = Debug|Any CPU
		{11786B9B-47A4-4765-8D5E-62A96BD66A80}.Debug|Any CPU.Build.0 = Debug|Any CPU
		{11786B9B-47A4-4765-8D5E-62A96BD66A80}.Debug|x64.ActiveCfg = Debug|Any CPU
		{11786B9B-47A4-4765-8D5E-62A96BD66A80}.Debug|x64.Build.0 = Debug|Any CPU
		{11786B9B-47A4-4765-8D5E-62A96BD66A80}.Debug|x86.ActiveCfg = Debug|Any CPU
		{11786B9B-47A4-4765-8D5E-62A96BD66A80}.Debug|x86.Build.0 = Debug|Any CPU
		{11786B9B-47A4-4765-8D5E-62A96BD66A80}.Release|Any CPU.ActiveCfg = Release|Any CPU
		{11786B9B-47A4-4765-8D5E-62A96BD66A80}.Release|Any CPU.Build.0 = Release|Any CPU
		{11786B9B-47A4-4765-8D5E-62A96BD66A80}.Release|x64.ActiveCfg = Release|Any CPU
		{11786B9B-47A4-4765-8D5E-62A96BD66A80}.Release|x64.Build.0 = Release|Any CPU
		{11786B9B-47A4-4765-8D5E-62A96BD66A80}.Release|x86.ActiveCfg = Release|Any CPU
		{11786B9B-47A4-4765-8D5E-62A96BD66A80}.Release|x86.Build.0 = Release|Any CPU
		{D9844748-46FA-46A8-8079-08D46F912850}.Debug|Any CPU.ActiveCfg = Debug|Any CPU
		{D9844748-46FA-46A8-8079-08D46F912850}.Debug|Any CPU.Build.0 = Debug|Any CPU
		{D9844748-46FA-46A8-8079-08D46F912850}.Debug|x64.ActiveCfg = Debug|Any CPU
		{D9844748-46FA-46A8-8079-08D46F912850}.Debug|x64.Build.0 = Debug|Any CPU
		{D9844748-46FA-46A8-8079-08D46F912850}.Debug|x86.ActiveCfg = Debug|Any CPU
		{D9844748-46FA-46A8-8079-08D46F912850}.Debug|x86.Build.0 = Debug|Any CPU
		{D9844748-46FA-46A8-8079-08D46F912850}.Release|Any CPU.ActiveCfg = Release|Any CPU
		{D9844748-46FA-46A8-8079-08D46F912850}.Release|Any CPU.Build.0 = Release|Any CPU
		{D9844748-46FA-46A8-8079-08D46F912850}.Release|x64.ActiveCfg = Release|Any CPU
		{D9844748-46FA-46A8-8079-08D46F912850}.Release|x64.Build.0 = Release|Any CPU
		{D9844748-46FA-46A8-8079-08D46F912850}.Release|x86.ActiveCfg = Release|Any CPU
		{D9844748-46FA-46A8-8079-08D46F912850}.Release|x86.Build.0 = Release|Any CPU
	EndGlobalSection
	GlobalSection(SolutionProperties) = preSolution
		HideSolutionNode = FALSE
	EndGlobalSection
	GlobalSection(NestedProjects) = preSolution
		{11786B9B-47A4-4765-8D5E-62A96BD66A80} = {77D47273-4708-F4DB-7D32-0B2807E793B0}
	EndGlobalSection
EndGlobal
